// !$*UTF8*$!
{
	archiveVersion = 1;
	classes = {
	};
	objectVersion = 50;
	objects = {

/* Begin PBXBuildFile section */
		A34FB387250F09B500F7A637 /* AppDelegate.swift in Sources */ = {isa = PBXBuildFile; fileRef = A34FB386250F09B500F7A637 /* AppDelegate.swift */; };
		A34FB389250F09B500F7A637 /* SceneDelegate.swift in Sources */ = {isa = PBXBuildFile; fileRef = A34FB388250F09B500F7A637 /* SceneDelegate.swift */; };
		A34FB38B250F09B500F7A637 /* ViewController.swift in Sources */ = {isa = PBXBuildFile; fileRef = A34FB38A250F09B500F7A637 /* ViewController.swift */; };
		A34FB38E250F09B500F7A637 /* Main.storyboard in Resources */ = {isa = PBXBuildFile; fileRef = A34FB38C250F09B500F7A637 /* Main.storyboard */; };
		A34FB390250F09B900F7A637 /* Assets.xcassets in Resources */ = {isa = PBXBuildFile; fileRef = A34FB38F250F09B900F7A637 /* Assets.xcassets */; };
		A34FB393250F09B900F7A637 /* LaunchScreen.storyboard in Resources */ = {isa = PBXBuildFile; fileRef = A34FB391250F09B900F7A637 /* LaunchScreen.storyboard */; };
		A34FB39E250F09B900F7A637 /* Project_01___StopWatchTests.swift in Sources */ = {isa = PBXBuildFile; fileRef = A34FB39D250F09B900F7A637 /* Project_01___StopWatchTests.swift */; };
		A34FB3A9250F09BA00F7A637 /* Project_01___StopWatchUITests.swift in Sources */ = {isa = PBXBuildFile; fileRef = A34FB3A8250F09BA00F7A637 /* Project_01___StopWatchUITests.swift */; };
/* End PBXBuildFile section */

/* Begin PBXContainerItemProxy section */
		A34FB39A250F09B900F7A637 /* PBXContainerItemProxy */ = {
			isa = PBXContainerItemProxy;
			containerPortal = A34FB37B250F09B500F7A637 /* Project object */;
			proxyType = 1;
			remoteGlobalIDString = A34FB382250F09B500F7A637;
			remoteInfo = "Project 01 - StopWatch";
		};
		A34FB3A5250F09BA00F7A637 /* PBXContainerItemProxy */ = {
			isa = PBXContainerItemProxy;
			containerPortal = A34FB37B250F09B500F7A637 /* Project object */;
			proxyType = 1;
			remoteGlobalIDString = A34FB382250F09B500F7A637;
			remoteInfo = "Project 01 - StopWatch";
		};
/* End PBXContainerItemProxy section */

/* Begin PBXFileReference section */
		A34FB383250F09B500F7A637 /* Project 01 - StopWatch.app */ = {isa = PBXFileReference; explicitFileType = wrapper.application; includeInIndex = 0; path = "Project 01 - StopWatch.app"; sourceTree = BUILT_PRODUCTS_DIR; };
		A34FB386250F09B500F7A637 /* AppDelegate.swift */ = {isa = PBXFileReference; lastKnownFileType = sourcecode.swift; path = AppDelegate.swift; sourceTree = "<group>"; };
		A34FB388250F09B500F7A637 /* SceneDelegate.swift */ = {isa = PBXFileReference; lastKnownFileType = sourcecode.swift; path = SceneDelegate.swift; sourceTree = "<group>"; };
		A34FB38A250F09B500F7A637 /* ViewController.swift */ = {isa = PBXFileReference; lastKnownFileType = sourcecode.swift; path = ViewController.swift; sourceTree = "<group>"; };
		A34FB38D250F09B500F7A637 /* Base */ = {isa = PBXFileReference; lastKnownFileType = file.storyboard; name = Base; path = Base.lproj/Main.storyboard; sourceTree = "<group>"; };
		A34FB38F250F09B900F7A637 /* Assets.xcassets */ = {isa = PBXFileReference; lastKnownFileType = folder.assetcatalog; path = Assets.xcassets; sourceTree = "<group>"; };
		A34FB392250F09B900F7A637 /* Base */ = {isa = PBXFileReference; lastKnownFileType = file.storyboard; name = Base; path = Base.lproj/LaunchScreen.storyboard; sourceTree = "<group>"; };
		A34FB394250F09B900F7A637 /* Info.plist */ = {isa = PBXFileReference; lastKnownFileType = text.plist.xml; path = Info.plist; sourceTree = "<group>"; };
		A34FB399250F09B900F7A637 /* Project 01 - StopWatchTests.xctest */ = {isa = PBXFileReference; explicitFileType = wrapper.cfbundle; includeInIndex = 0; path = "Project 01 - StopWatchTests.xctest"; sourceTree = BUILT_PRODUCTS_DIR; };
		A34FB39D250F09B900F7A637 /* Project_01___StopWatchTests.swift */ = {isa = PBXFileReference; lastKnownFileType = sourcecode.swift; path = "Project_01___StopWatchTests.swift"; sourceTree = "<group>"; };
		A34FB39F250F09B900F7A637 /* Info.plist */ = {isa = PBXFileReference; lastKnownFileType = text.plist.xml; path = Info.plist; sourceTree = "<group>"; };
		A34FB3A4250F09BA00F7A637 /* Project 01 - StopWatchUITests.xctest */ = {isa = PBXFileReference; explicitFileType = wrapper.cfbundle; includeInIndex = 0; path = "Project 01 - StopWatchUITests.xctest"; sourceTree = BUILT_PRODUCTS_DIR; };
		A34FB3A8250F09BA00F7A637 /* Project_01___StopWatchUITests.swift */ = {isa = PBXFileReference; lastKnownFileType = sourcecode.swift; path = "Project_01___StopWatchUITests.swift"; sourceTree = "<group>"; };
		A34FB3AA250F09BA00F7A637 /* Info.plist */ = {isa = PBXFileReference; lastKnownFileType = text.plist.xml; path = Info.plist; sourceTree = "<group>"; };
/* End PBXFileReference section */

/* Begin PBXFrameworksBuildPhase section */
		A34FB380250F09B500F7A637 /* Frameworks */ = {
			isa = PBXFrameworksBuildPhase;
			buildActionMask = 2147483647;
			files = (
			);
			runOnlyForDeploymentPostprocessing = 0;
		};
		A34FB396250F09B900F7A637 /* Frameworks */ = {
			isa = PBXFrameworksBuildPhase;
			buildActionMask = 2147483647;
			files = (
			);
			runOnlyForDeploymentPostprocessing = 0;
		};
		A34FB3A1250F09BA00F7A637 /* Frameworks */ = {
			isa = PBXFrameworksBuildPhase;
			buildActionMask = 2147483647;
			files = (
			);
			runOnlyForDeploymentPostprocessing = 0;
		};
/* End PBXFrameworksBuildPhase section */

/* Begin PBXGroup section */
		A34FB37A250F09B500F7A637 = {
			isa = PBXGroup;
			children = (
				A34FB385250F09B500F7A637 /* Project 01 - StopWatch */,
				A34FB39C250F09B900F7A637 /* Project 01 - StopWatchTests */,
				A34FB3A7250F09BA00F7A637 /* Project 01 - StopWatchUITests */,
				A34FB384250F09B500F7A637 /* Products */,
			);
			sourceTree = "<group>";
		};
		A34FB384250F09B500F7A637 /* Products */ = {
			isa = PBXGroup;
			children = (
				A34FB383250F09B500F7A637 /* Project 01 - StopWatch.app */,
				A34FB399250F09B900F7A637 /* Project 01 - StopWatchTests.xctest */,
				A34FB3A4250F09BA00F7A637 /* Project 01 - StopWatchUITests.xctest */,
			);
			name = Products;
			sourceTree = "<group>";
		};
		A34FB385250F09B500F7A637 /* Project 01 - StopWatch */ = {
			isa = PBXGroup;
			children = (
				A34FB386250F09B500F7A637 /* AppDelegate.swift */,
				A34FB388250F09B500F7A637 /* SceneDelegate.swift */,
				A34FB38A250F09B500F7A637 /* ViewController.swift */,
				A34FB38C250F09B500F7A637 /* Main.storyboard */,
				A34FB38F250F09B900F7A637 /* Assets.xcassets */,
				A34FB391250F09B900F7A637 /* LaunchScreen.storyboard */,
				A34FB394250F09B900F7A637 /* Info.plist */,
			);
			path = "Project 01 - StopWatch";
			sourceTree = "<group>";
		};
		A34FB39C250F09B900F7A637 /* Project 01 - StopWatchTests */ = {
			isa = PBXGroup;
			children = (
				A34FB39D250F09B900F7A637 /* Project_01___StopWatchTests.swift */,
				A34FB39F250F09B900F7A637 /* Info.plist */,
			);
			path = "Project 01 - StopWatchTests";
			sourceTree = "<group>";
		};
		A34FB3A7250F09BA00F7A637 /* Project 01 - StopWatchUITests */ = {
			isa = PBXGroup;
			children = (
				A34FB3A8250F09BA00F7A637 /* Project_01___StopWatchUITests.swift */,
				A34FB3AA250F09BA00F7A637 /* Info.plist */,
			);
			path = "Project 01 - StopWatchUITests";
			sourceTree = "<group>";
		};
/* End PBXGroup section */

/* Begin PBXNativeTarget section */
		A34FB382250F09B500F7A637 /* Project 01 - StopWatch */ = {
			isa = PBXNativeTarget;
			buildConfigurationList = A34FB3AD250F09BA00F7A637 /* Build configuration list for PBXNativeTarget "Project 01 - StopWatch" */;
			buildPhases = (
				A34FB37F250F09B500F7A637 /* Sources */,
				A34FB380250F09B500F7A637 /* Frameworks */,
				A34FB381250F09B500F7A637 /* Resources */,
			);
			buildRules = (
			);
			dependencies = (
			);
			name = "Project 01 - StopWatch";
			productName = "Project 01 - StopWatch";
			productReference = A34FB383250F09B500F7A637 /* Project 01 - StopWatch.app */;
			productType = "com.apple.product-type.application";
		};
		A34FB398250F09B900F7A637 /* Project 01 - StopWatchTests */ = {
			isa = PBXNativeTarget;
			buildConfigurationList = A34FB3B0250F09BA00F7A637 /* Build configuration list for PBXNativeTarget "Project 01 - StopWatchTests" */;
			buildPhases = (
				A34FB395250F09B900F7A637 /* Sources */,
				A34FB396250F09B900F7A637 /* Frameworks */,
				A34FB397250F09B900F7A637 /* Resources */,
			);
			buildRules = (
			);
			dependencies = (
				A34FB39B250F09B900F7A637 /* PBXTargetDependency */,
			);
			name = "Project 01 - StopWatchTests";
			productName = "Project 01 - StopWatchTests";
			productReference = A34FB399250F09B900F7A637 /* Project 01 - StopWatchTests.xctest */;
			productType = "com.apple.product-type.bundle.unit-test";
		};
		A34FB3A3250F09BA00F7A637 /* Project 01 - StopWatchUITests */ = {
			isa = PBXNativeTarget;
			buildConfigurationList = A34FB3B3250F09BA00F7A637 /* Build configuration list for PBXNativeTarget "Project 01 - StopWatchUITests" */;
			buildPhases = (
				A34FB3A0250F09BA00F7A637 /* Sources */,
				A34FB3A1250F09BA00F7A637 /* Frameworks */,
				A34FB3A2250F09BA00F7A637 /* Resources */,
			);
			buildRules = (
			);
			dependencies = (
				A34FB3A6250F09BA00F7A637 /* PBXTargetDependency */,
			);
			name = "Project 01 - StopWatchUITests";
			productName = "Project 01 - StopWatchUITests";
			productReference = A34FB3A4250F09BA00F7A637 /* Project 01 - StopWatchUITests.xctest */;
			productType = "com.apple.product-type.bundle.ui-testing";
		};
/* End PBXNativeTarget section */

/* Begin PBXProject section */
		A34FB37B250F09B500F7A637 /* Project object */ = {
			isa = PBXProject;
			attributes = {
				LastSwiftUpdateCheck = 1160;
				LastUpgradeCheck = 1160;
				ORGANIZATIONNAME = "洪海睿";
				TargetAttributes = {
					A34FB382250F09B500F7A637 = {
						CreatedOnToolsVersion = 11.6;
					};
					A34FB398250F09B900F7A637 = {
						CreatedOnToolsVersion = 11.6;
						TestTargetID = A34FB382250F09B500F7A637;
					};
					A34FB3A3250F09BA00F7A637 = {
						CreatedOnToolsVersion = 11.6;
						TestTargetID = A34FB382250F09B500F7A637;
					};
				};
			};
			buildConfigurationList = A34FB37E250F09B500F7A637 /* Build configuration list for PBXProject "Project 01 - StopWatch" */;
			compatibilityVersion = "Xcode 9.3";
			developmentRegion = en;
			hasScannedForEncodings = 0;
			knownRegions = (
				en,
				Base,
			);
			mainGroup = A34FB37A250F09B500F7A637;
			productRefGroup = A34FB384250F09B500F7A637 /* Products */;
			projectDirPath = "";
			projectRoot = "";
			targets = (
				A34FB382250F09B500F7A637 /* Project 01 - StopWatch */,
				A34FB398250F09B900F7A637 /* Project 01 - StopWatchTests */,
				A34FB3A3250F09BA00F7A637 /* Project 01 - StopWatchUITests */,
			);
		};
/* End PBXProject section */

/* Begin PBXResourcesBuildPhase section */
		A34FB381250F09B500F7A637 /* Resources */ = {
			isa = PBXResourcesBuildPhase;
			buildActionMask = 2147483647;
			files = (
				A34FB393250F09B900F7A637 /* LaunchScreen.storyboard in Resources */,
				A34FB390250F09B900F7A637 /* Assets.xcassets in Resources */,
				A34FB38E250F09B500F7A637 /* Main.storyboard in Resources */,
			);
			runOnlyForDeploymentPostprocessing = 0;
		};
		A34FB397250F09B900F7A637 /* Resources */ = {
			isa = PBXResourcesBuildPhase;
			buildActionMask = 2147483647;
			files = (
			);
			runOnlyForDeploymentPostprocessing = 0;
		};
		A34FB3A2250F09BA00F7A637 /* Resources */ = {
			isa = PBXResourcesBuildPhase;
			buildActionMask = 2147483647;
			files = (
			);
			runOnlyForDeploymentPostprocessing = 0;
		};
/* End PBXResourcesBuildPhase section */

/* Begin PBXSourcesBuildPhase section */
		A34FB37F250F09B500F7A637 /* Sources */ = {
			isa = PBXSourcesBuildPhase;
			buildActionMask = 2147483647;
			files = (
				A34FB38B250F09B500F7A637 /* ViewController.swift in Sources */,
				A34FB387250F09B500F7A637 /* AppDelegate.swift in Sources */,
				A34FB389250F09B500F7A637 /* SceneDelegate.swift in Sources */,
			);
			runOnlyForDeploymentPostprocessing = 0;
		};
		A34FB395250F09B900F7A637 /* Sources */ = {
			isa = PBXSourcesBuildPhase;
			buildActionMask = 2147483647;
			files = (
				A34FB39E250F09B900F7A637 /* Project_01___StopWatchTests.swift in Sources */,
			);
			runOnlyForDeploymentPostprocessing = 0;
		};
		A34FB3A0250F09BA00F7A637 /* Sources */ = {
			isa = PBXSourcesBuildPhase;
			buildActionMask = 2147483647;
			files = (
				A34FB3A9250F09BA00F7A637 /* Project_01___StopWatchUITests.swift in Sources */,
			);
			runOnlyForDeploymentPostprocessing = 0;
		};
/* End PBXSourcesBuildPhase section */

/* Begin PBXTargetDependency section */
		A34FB39B250F09B900F7A637 /* PBXTargetDependency */ = {
			isa = PBXTargetDependency;
			target = A34FB382250F09B500F7A637 /* Project 01 - StopWatch */;
			targetProxy = A34FB39A250F09B900F7A637 /* PBXContainerItemProxy */;
		};
		A34FB3A6250F09BA00F7A637 /* PBXTargetDependency */ = {
			isa = PBXTargetDependency;
			target = A34FB382250F09B500F7A637 /* Project 01 - StopWatch */;
			targetProxy = A34FB3A5250F09BA00F7A637 /* PBXContainerItemProxy */;
		};
/* End PBXTargetDependency section */

/* Begin PBXVariantGroup section */
		A34FB38C250F09B500F7A637 /* Main.storyboard */ = {
			isa = PBXVariantGroup;
			children = (
				A34FB38D250F09B500F7A637 /* Base */,
			);
			name = Main.storyboard;
			sourceTree = "<group>";
		};
		A34FB391250F09B900F7A637 /* LaunchScreen.storyboard */ = {
			isa = PBXVariantGroup;
			children = (
				A34FB392250F09B900F7A637 /* Base */,
			);
			name = LaunchScreen.storyboard;
			sourceTree = "<group>";
		};
/* End PBXVariantGroup section */

/* Begin XCBuildConfiguration section */
		A34FB3AB250F09BA00F7A637 /* Debug */ = {
			isa = XCBuildConfiguration;
			buildSettings = {
				ALWAYS_SEARCH_USER_PATHS = NO;
				CLANG_ANALYZER_NONNULL = YES;
				CLANG_ANALYZER_NUMBER_OBJECT_CONVERSION = YES_AGGRESSIVE;
				CLANG_CXX_LANGUAGE_STANDARD = "gnu++14";
				CLANG_CXX_LIBRARY = "libc++";
				CLANG_ENABLE_MODULES = YES;
				CLANG_ENABLE_OBJC_ARC = YES;
				CLANG_ENABLE_OBJC_WEAK = YES;
				CLANG_WARN_BLOCK_CAPTURE_AUTORELEASING = YES;
				CLANG_WARN_BOOL_CONVERSION = YES;
				CLANG_WARN_COMMA = YES;
				CLANG_WARN_CONSTANT_CONVERSION = YES;
				CLANG_WARN_DEPRECATED_OBJC_IMPLEMENTATIONS = YES;
				CLANG_WARN_DIRECT_OBJC_ISA_USAGE = YES_ERROR;
				CLANG_WARN_DOCUMENTATION_COMMENTS = YES;
				CLANG_WARN_EMPTY_BODY = YES;
				CLANG_WARN_ENUM_CONVERSION = YES;
				CLANG_WARN_INFINITE_RECURSION = YES;
				CLANG_WARN_INT_CONVERSION = YES;
				CLANG_WARN_NON_LITERAL_NULL_CONVERSION = YES;
				CLANG_WARN_OBJC_IMPLICIT_RETAIN_SELF = YES;
				CLANG_WARN_OBJC_LITERAL_CONVERSION = YES;
				CLANG_WARN_OBJC_ROOT_CLASS = YES_ERROR;
				CLANG_WARN_RANGE_LOOP_ANALYSIS = YES;
				CLANG_WARN_STRICT_PROTOTYPES = YES;
				CLANG_WARN_SUSPICIOUS_MOVE = YES;
				CLANG_WARN_UNGUARDED_AVAILABILITY = YES_AGGRESSIVE;
				CLANG_WARN_UNREACHABLE_CODE = YES;
				CLANG_WARN__DUPLICATE_METHOD_MATCH = YES;
				COPY_PHASE_STRIP = NO;
				DEBUG_INFORMATION_FORMAT = dwarf;
				ENABLE_STRICT_OBJC_MSGSEND = YES;
				ENABLE_TESTABILITY = YES;
				GCC_C_LANGUAGE_STANDARD = gnu11;
				GCC_DYNAMIC_NO_PIC = NO;
				GCC_NO_COMMON_BLOCKS = YES;
				GCC_OPTIMIZATION_LEVEL = 0;
				GCC_PREPROCESSOR_DEFINITIONS = (
					"DEBUG=1",
					"$(inherited)",
				);
				GCC_WARN_64_TO_32_BIT_CONVERSION = YES;
				GCC_WARN_ABOUT_RETURN_TYPE = YES_ERROR;
				GCC_WARN_UNDECLARED_SELECTOR = YES;
				GCC_WARN_UNINITIALIZED_AUTOS = YES_AGGRESSIVE;
				GCC_WARN_UNUSED_FUNCTION = YES;
				GCC_WARN_UNUSED_VARIABLE = YES;
				IPHONEOS_DEPLOYMENT_TARGET = 13.6;
				MTL_ENABLE_DEBUG_INFO = INCLUDE_SOURCE;
				MTL_FAST_MATH = YES;
				ONLY_ACTIVE_ARCH = YES;
				SDKROOT = iphoneos;
				SWIFT_ACTIVE_COMPILATION_CONDITIONS = DEBUG;
				SWIFT_OPTIMIZATION_LEVEL = "-Onone";
			};
			name = Debug;
		};
		A34FB3AC250F09BA00F7A637 /* Release */ = {
			isa = XCBuildConfiguration;
			buildSettings = {
				ALWAYS_SEARCH_USER_PATHS = NO;
				CLANG_ANALYZER_NONNULL = YES;
				CLANG_ANALYZER_NUMBER_OBJECT_CONVERSION = YES_AGGRESSIVE;
				CLANG_CXX_LANGUAGE_STANDARD = "gnu++14";
				CLANG_CXX_LIBRARY = "libc++";
				CLANG_ENABLE_MODULES = YES;
				CLANG_ENABLE_OBJC_ARC = YES;
				CLANG_ENABLE_OBJC_WEAK = YES;
				CLANG_WARN_BLOCK_CAPTURE_AUTORELEASING = YES;
				CLANG_WARN_BOOL_CONVERSION = YES;
				CLANG_WARN_COMMA = YES;
				CLANG_WARN_CONSTANT_CONVERSION = YES;
				CLANG_WARN_DEPRECATED_OBJC_IMPLEMENTATIONS = YES;
				CLANG_WARN_DIRECT_OBJC_ISA_USAGE = YES_ERROR;
				CLANG_WARN_DOCUMENTATION_COMMENTS = YES;
				CLANG_WARN_EMPTY_BODY = YES;
				CLANG_WARN_ENUM_CONVERSION = YES;
				CLANG_WARN_INFINITE_RECURSION = YES;
				CLANG_WARN_INT_CONVERSION = YES;
				CLANG_WARN_NON_LITERAL_NULL_CONVERSION = YES;
				CLANG_WARN_OBJC_IMPLICIT_RETAIN_SELF = YES;
				CLANG_WARN_OBJC_LITERAL_CONVERSION = YES;
				CLANG_WARN_OBJC_ROOT_CLASS = YES_ERROR;
				CLANG_WARN_RANGE_LOOP_ANALYSIS = YES;
				CLANG_WARN_STRICT_PROTOTYPES = YES;
				CLANG_WARN_SUSPICIOUS_MOVE = YES;
				CLANG_WARN_UNGUARDED_AVAILABILITY = YES_AGGRESSIVE;
				CLANG_WARN_UNREACHABLE_CODE = YES;
				CLANG_WARN__DUPLICATE_METHOD_MATCH = YES;
				COPY_PHASE_STRIP = NO;
				DEBUG_INFORMATION_FORMAT = "dwarf-with-dsym";
				ENABLE_NS_ASSERTIONS = NO;
				ENABLE_STRICT_OBJC_MSGSEND = YES;
				GCC_C_LANGUAGE_STANDARD = gnu11;
				GCC_NO_COMMON_BLOCKS = YES;
				GCC_WARN_64_TO_32_BIT_CONVERSION = YES;
				GCC_WARN_ABOUT_RETURN_TYPE = YES_ERROR;
				GCC_WARN_UNDECLARED_SELECTOR = YES;
				GCC_WARN_UNINITIALIZED_AUTOS = YES_AGGRESSIVE;
				GCC_WARN_UNUSED_FUNCTION = YES;
				GCC_WARN_UNUSED_VARIABLE = YES;
				IPHONEOS_DEPLOYMENT_TARGET = 13.6;
				MTL_ENABLE_DEBUG_INFO = NO;
				MTL_FAST_MATH = YES;
				SDKROOT = iphoneos;
				SWIFT_COMPILATION_MODE = wholemodule;
				SWIFT_OPTIMIZATION_LEVEL = "-O";
				VALIDATE_PRODUCT = YES;
			};
			name = Release;
		};
		A34FB3AE250F09BA00F7A637 /* Debug */ = {
			isa = XCBuildConfiguration;
			buildSettings = {
				ASSETCATALOG_COMPILER_APPICON_NAME = AppIcon;
				CODE_SIGN_STYLE = Automatic;
				DEVELOPMENT_TEAM = 86DYW7MYE9;
				INFOPLIST_FILE = "Project 01 - StopWatch/Info.plist";
				LD_RUNPATH_SEARCH_PATHS = (
					"$(inherited)",
					"@executable_path/Frameworks",
				);
				PRODUCT_BUNDLE_IDENTIFIER = "com.dagen.juweike.Project-01---StopWatch";
				PRODUCT_NAME = "$(TARGET_NAME)";
				SWIFT_VERSION = 5.0;
				TARGETED_DEVICE_FAMILY = "1,2";
			};
			name = Debug;
		};
		A34FB3AF250F09BA00F7A637 /* Release */ = {
			isa = XCBuildConfiguration;
			buildSettings = {
				ASSETCATALOG_COMPILER_APPICON_NAME = AppIcon;
				CODE_SIGN_STYLE = Automatic;
				DEVELOPMENT_TEAM = 86DYW7MYE9;
				INFOPLIST_FILE = "Project 01 - StopWatch/Info.plist";
				LD_RUNPATH_SEARCH_PATHS = (
					"$(inherited)",
					"@executable_path/Frameworks",
				);
				PRODUCT_BUNDLE_IDENTIFIER = "com.dagen.juweike.Project-01---StopWatch";
				PRODUCT_NAME = "$(TARGET_NAME)";
				SWIFT_VERSION = 5.0;
				TARGETED_DEVICE_FAMILY = "1,2";
			};
			name = Release;
		};
		A34FB3B1250F09BA00F7A637 /* Debug */ = {
			isa = XCBuildConfiguration;
			buildSettings = {
				ALWAYS_EMBED_SWIFT_STANDARD_LIBRARIES = YES;
				BUNDLE_LOADER = "$(TEST_HOST)";
				CODE_SIGN_STYLE = Automatic;
				DEVELOPMENT_TEAM = 86DYW7MYE9;
				INFOPLIST_FILE = "Project 01 - StopWatchTests/Info.plist";
				IPHONEOS_DEPLOYMENT_TARGET = 13.6;
				LD_RUNPATH_SEARCH_PATHS = (
					"$(inherited)",
					"@executable_path/Frameworks",
					"@loader_path/Frameworks",
				);
				PRODUCT_BUNDLE_IDENTIFIER = "com.dagen.juweike.Project-01---StopWatchTests";
				PRODUCT_NAME = "$(TARGET_NAME)";
				SWIFT_VERSION = 5.0;
				TARGETED_DEVICE_FAMILY = "1,2";
				TEST_HOST = "$(BUILT_PRODUCTS_DIR)/Project 01 - StopWatch.app/Project 01 - StopWatch";
			};
			name = Debug;
		};
		A34FB3B2250F09BA00F7A637 /* Release */ = {
			isa = XCBuildConfiguration;
			buildSettings = {
				ALWAYS_EMBED_SWIFT_STANDARD_LIBRARIES = YES;
				BUNDLE_LOADER = "$(TEST_HOST)";
				CODE_SIGN_STYLE = Automatic;
				DEVELOPMENT_TEAM = 86DYW7MYE9;
				INFOPLIST_FILE = "Project 01 - StopWatchTests/Info.plist";
				IPHONEOS_DEPLOYMENT_TARGET = 13.6;
				LD_RUNPATH_SEARCH_PATHS = (
					"$(inherited)",
					"@executable_path/Frameworks",
					"@loader_path/Frameworks",
				);
				PRODUCT_BUNDLE_IDENTIFIER = "com.dagen.juweike.Project-01---StopWatchTests";
				PRODUCT_NAME = "$(TARGET_NAME)";
				SWIFT_VERSION = 5.0;
				TARGETED_DEVICE_FAMILY = "1,2";
				TEST_HOST = "$(BUILT_PRODUCTS_DIR)/Project 01 - StopWatch.app/Project 01 - StopWatch";
			};
			name = Release;
		};
		A34FB3B4250F09BA00F7A637 /* Debug */ = {
			isa = XCBuildConfiguration;
			buildSettings = {
				ALWAYS_EMBED_SWIFT_STANDARD_LIBRARIES = YES;
				CODE_SIGN_STYLE = Automatic;
				DEVELOPMENT_TEAM = 86DYW7MYE9;
				INFOPLIST_FILE = "Project 01 - StopWatchUITests/Info.plist";
				LD_RUNPATH_SEARCH_PATHS = (
					"$(inherited)",
					"@executable_path/Frameworks",
					"@loader_path/Frameworks",
				);
				PRODUCT_BUNDLE_IDENTIFIER = "com.dagen.juweike.Project-01---StopWatchUITests";
				PRODUCT_NAME = "$(TARGET_NAME)";
				SWIFT_VERSION = 5.0;
				TARGETED_DEVICE_FAMILY = "1,2";
				TEST_TARGET_NAME = "Project 01 - StopWatch";
			};
			name = Debug;
		};
		A34FB3B5250F09BA00F7A637 /* Release */ = {
			isa = XCBuildConfiguration;
			buildSettings = {
				ALWAYS_EMBED_SWIFT_STANDARD_LIBRARIES = YES;
				CODE_SIGN_STYLE = Automatic;
				DEVELOPMENT_TEAM = 86DYW7MYE9;
				INFOPLIST_FILE = "Project 01 - StopWatchUITests/Info.plist";
				LD_RUNPATH_SEARCH_PATHS = (
					"$(inherited)",
					"@executable_path/Frameworks",
					"@loader_path/Frameworks",
				);
				PRODUCT_BUNDLE_IDENTIFIER = "com.dagen.juweike.Project-01---StopWatchUITests";
				PRODUCT_NAME = "$(TARGET_NAME)";
				SWIFT_VERSION = 5.0;
				TARGETED_DEVICE_FAMILY = "1,2";
				TEST_TARGET_NAME = "Project 01 - StopWatch";
			};
			name = Release;
		};
/* End XCBuildConfiguration section */

/* Begin XCConfigurationList section */
		A34FB37E250F09B500F7A637 /* Build configuration list for PBXProject "Project 01 - StopWatch" */ = {
			isa = XCConfigurationList;
			buildConfigurations = (
				A34FB3AB250F09BA00F7A637 /* Debug */,
				A34FB3AC250F09BA00F7A637 /* Release */,
			);
			defaultConfigurationIsVisible = 0;
			defaultConfigurationName = Release;
		};
		A34FB3AD250F09BA00F7A637 /* Build configuration list for PBXNativeTarget "Project 01 - StopWatch" */ = {
			isa = XCConfigurationList;
			buildConfigurations = (
				A34FB3AE250F09BA00F7A637 /* Debug */,
				A34FB3AF250F09BA00F7A637 /* Release */,
			);
			defaultConfigurationIsVisible = 0;
			defaultConfigurationName = Release;
		};
		A34FB3B0250F09BA00F7A637 /* Build configuration list for PBXNativeTarget "Project 01 - StopWatchTests" */ = {
			isa = XCConfigurationList;
			buildConfigurations = (
				A34FB3B1250F09BA00F7A637 /* Debug */,
				A34FB3B2250F09BA00F7A637 /* Release */,
			);
			defaultConfigurationIsVisible = 0;
			defaultConfigurationName = Release;
		};
		A34FB3B3250F09BA00F7A637 /* Build configuration list for PBXNativeTarget "Project 01 - StopWatchUITests" */ = {
			isa = XCConfigurationList;
			buildConfigurations = (
				A34FB3B4250F09BA00F7A637 /* Debug */,
				A34FB3B5250F09BA00F7A637 /* Release */,
			);
			defaultConfigurationIsVisible = 0;
			defaultConfigurationName = Release;
		};
/* End XCConfigurationList section */
	};
	rootObject = A34FB37B250F09B500F7A637 /* Project object */;
}
