// !$*UTF8*$!
{
	archiveVersion = 1;
	classes = {
	};
	objectVersion = 51;
	objects = {

/* Begin PBXBuildFile section */
		007DD9004E714C87FDFBA8BB /* Pods_FGLearnSwift.framework in Frameworks */ = {isa = PBXBuildFile; fileRef = C377A27F551D83065BC15B06 /* Pods_FGLearnSwift.framework */; };
		A3406E5B25134A9600671AA3 /* FGNavViewController.swift in Sources */ = {isa = PBXBuildFile; fileRef = A3406E5A25134A9600671AA3 /* FGNavViewController.swift */; };
		A3406E6125134E6800671AA3 /* UIColor+.swift in Sources */ = {isa = PBXBuildFile; fileRef = A3406E6025134E6800671AA3 /* UIColor+.swift */; };
		A3406E6325135A8200671AA3 /* FGBaseViewController.swift in Sources */ = {isa = PBXBuildFile; fileRef = A3406E6225135A8200671AA3 /* FGBaseViewController.swift */; };
		A3406E6525135B7D00671AA3 /* FGTabbarViewController.swift in Sources */ = {isa = PBXBuildFile; fileRef = A3406E6425135B7D00671AA3 /* FGTabbarViewController.swift */; };
		A3406E6C25135CAD00671AA3 /* FGSearchViewController.swift in Sources */ = {isa = PBXBuildFile; fileRef = A3406E6B25135CAD00671AA3 /* FGSearchViewController.swift */; };
		A3406E6E25135CBB00671AA3 /* FGMyViewController.swift in Sources */ = {isa = PBXBuildFile; fileRef = A3406E6D25135CBB00671AA3 /* FGMyViewController.swift */; };
		A3406E7025135CC300671AA3 /* FGNewsViewController.swift in Sources */ = {isa = PBXBuildFile; fileRef = A3406E6F25135CC300671AA3 /* FGNewsViewController.swift */; };
		A3406E7225135CCE00671AA3 /* FGStarViewController.swift in Sources */ = {isa = PBXBuildFile; fileRef = A3406E7125135CCE00671AA3 /* FGStarViewController.swift */; };
		A3406E7425135CD600671AA3 /* FGHotViewController.swift in Sources */ = {isa = PBXBuildFile; fileRef = A3406E7325135CD600671AA3 /* FGHotViewController.swift */; };
		A3406E7825136B1000671AA3 /* FGRepositoryCell.swift in Sources */ = {isa = PBXBuildFile; fileRef = A3406E7625136B1000671AA3 /* FGRepositoryCell.swift */; };
		A3406E7925136B1000671AA3 /* FGRepositoryCell.xib in Resources */ = {isa = PBXBuildFile; fileRef = A3406E7725136B1000671AA3 /* FGRepositoryCell.xib */; };
		A34FB3C3250F0C2800F7A637 /* AppDelegate.swift in Sources */ = {isa = PBXBuildFile; fileRef = A34FB3C2250F0C2800F7A637 /* AppDelegate.swift */; };
		A34FB3C5250F0C2800F7A637 /* SceneDelegate.swift in Sources */ = {isa = PBXBuildFile; fileRef = A34FB3C4250F0C2800F7A637 /* SceneDelegate.swift */; };
		A34FB3CA250F0C2800F7A637 /* Main.storyboard in Resources */ = {isa = PBXBuildFile; fileRef = A34FB3C8250F0C2800F7A637 /* Main.storyboard */; };
		A34FB3CC250F0C2A00F7A637 /* Assets.xcassets in Resources */ = {isa = PBXBuildFile; fileRef = A34FB3CB250F0C2A00F7A637 /* Assets.xcassets */; };
		A34FB3CF250F0C2A00F7A637 /* LaunchScreen.storyboard in Resources */ = {isa = PBXBuildFile; fileRef = A34FB3CD250F0C2A00F7A637 /* LaunchScreen.storyboard */; };
/* End PBXBuildFile section */

/* Begin PBXFileReference section */
		094C92993E55B5490A20F90E /* Pods-FGLearnSwiftTests.release.xcconfig */ = {isa = PBXFileReference; includeInIndex = 1; lastKnownFileType = text.xcconfig; name = "Pods-FGLearnSwiftTests.release.xcconfig"; path = "Target Support Files/Pods-FGLearnSwiftTests/Pods-FGLearnSwiftTests.release.xcconfig"; sourceTree = "<group>"; };
		28911C31AA27F40F6A057C4E /* Pods-FGLearnSwift.release.xcconfig */ = {isa = PBXFileReference; includeInIndex = 1; lastKnownFileType = text.xcconfig; name = "Pods-FGLearnSwift.release.xcconfig"; path = "Target Support Files/Pods-FGLearnSwift/Pods-FGLearnSwift.release.xcconfig"; sourceTree = "<group>"; };
		4111EE22356C60B9E55E7763 /* Pods_FGLearnSwiftTests.framework */ = {isa = PBXFileReference; explicitFileType = wrapper.framework; includeInIndex = 0; path = Pods_FGLearnSwiftTests.framework; sourceTree = BUILT_PRODUCTS_DIR; };
		6E1597F0A3AFED9F67BE6C8A /* Pods-FGLearnSwift-FGLearnSwiftUITests.release.xcconfig */ = {isa = PBXFileReference; includeInIndex = 1; lastKnownFileType = text.xcconfig; name = "Pods-FGLearnSwift-FGLearnSwiftUITests.release.xcconfig"; path = "Target Support Files/Pods-FGLearnSwift-FGLearnSwiftUITests/Pods-FGLearnSwift-FGLearnSwiftUITests.release.xcconfig"; sourceTree = "<group>"; };
		7968C50081F9B85F4CAD7790 /* Pods-FGLearnSwift-FGLearnSwiftUITests.debug.xcconfig */ = {isa = PBXFileReference; includeInIndex = 1; lastKnownFileType = text.xcconfig; name = "Pods-FGLearnSwift-FGLearnSwiftUITests.debug.xcconfig"; path = "Target Support Files/Pods-FGLearnSwift-FGLearnSwiftUITests/Pods-FGLearnSwift-FGLearnSwiftUITests.debug.xcconfig"; sourceTree = "<group>"; };
		A3406E5A25134A9600671AA3 /* FGNavViewController.swift */ = {isa = PBXFileReference; lastKnownFileType = sourcecode.swift; path = FGNavViewController.swift; sourceTree = "<group>"; };
		A3406E6025134E6800671AA3 /* UIColor+.swift */ = {isa = PBXFileReference; lastKnownFileType = sourcecode.swift; path = "UIColor+.swift"; sourceTree = "<group>"; };
		A3406E6225135A8200671AA3 /* FGBaseViewController.swift */ = {isa = PBXFileReference; lastKnownFileType = sourcecode.swift; path = FGBaseViewController.swift; sourceTree = "<group>"; };
		A3406E6425135B7D00671AA3 /* FGTabbarViewController.swift */ = {isa = PBXFileReference; lastKnownFileType = sourcecode.swift; path = FGTabbarViewController.swift; sourceTree = "<group>"; };
		A3406E6B25135CAD00671AA3 /* FGSearchViewController.swift */ = {isa = PBXFileReference; lastKnownFileType = sourcecode.swift; path = FGSearchViewController.swift; sourceTree = "<group>"; };
		A3406E6D25135CBB00671AA3 /* FGMyViewController.swift */ = {isa = PBXFileReference; lastKnownFileType = sourcecode.swift; path = FGMyViewController.swift; sourceTree = "<group>"; };
		A3406E6F25135CC300671AA3 /* FGNewsViewController.swift */ = {isa = PBXFileReference; lastKnownFileType = sourcecode.swift; path = FGNewsViewController.swift; sourceTree = "<group>"; };
		A3406E7125135CCE00671AA3 /* FGStarViewController.swift */ = {isa = PBXFileReference; lastKnownFileType = sourcecode.swift; path = FGStarViewController.swift; sourceTree = "<group>"; };
		A3406E7325135CD600671AA3 /* FGHotViewController.swift */ = {isa = PBXFileReference; lastKnownFileType = sourcecode.swift; path = FGHotViewController.swift; sourceTree = "<group>"; };
		A3406E7625136B1000671AA3 /* FGRepositoryCell.swift */ = {isa = PBXFileReference; lastKnownFileType = sourcecode.swift; path = FGRepositoryCell.swift; sourceTree = "<group>"; };
		A3406E7725136B1000671AA3 /* FGRepositoryCell.xib */ = {isa = PBXFileReference; lastKnownFileType = file.xib; path = FGRepositoryCell.xib; sourceTree = "<group>"; };
		A34FB3BF250F0C2800F7A637 /* FGLearnSwift.app */ = {isa = PBXFileReference; explicitFileType = wrapper.application; includeInIndex = 0; path = FGLearnSwift.app; sourceTree = BUILT_PRODUCTS_DIR; };
		A34FB3C2250F0C2800F7A637 /* AppDelegate.swift */ = {isa = PBXFileReference; lastKnownFileType = sourcecode.swift; path = AppDelegate.swift; sourceTree = "<group>"; };
		A34FB3C4250F0C2800F7A637 /* SceneDelegate.swift */ = {isa = PBXFileReference; lastKnownFileType = sourcecode.swift; path = SceneDelegate.swift; sourceTree = "<group>"; };
		A34FB3C9250F0C2800F7A637 /* Base */ = {isa = PBXFileReference; lastKnownFileType = file.storyboard; name = Base; path = Base.lproj/Main.storyboard; sourceTree = "<group>"; };
		A34FB3CB250F0C2A00F7A637 /* Assets.xcassets */ = {isa = PBXFileReference; lastKnownFileType = folder.assetcatalog; path = Assets.xcassets; sourceTree = "<group>"; };
		A34FB3CE250F0C2A00F7A637 /* Base */ = {isa = PBXFileReference; lastKnownFileType = file.storyboard; name = Base; path = Base.lproj/LaunchScreen.storyboard; sourceTree = "<group>"; };
		A34FB3D0250F0C2A00F7A637 /* Info.plist */ = {isa = PBXFileReference; lastKnownFileType = text.plist.xml; path = Info.plist; sourceTree = "<group>"; };
		B026B1169B261935077081E1 /* Pods-FGLearnSwift.debug.xcconfig */ = {isa = PBXFileReference; includeInIndex = 1; lastKnownFileType = text.xcconfig; name = "Pods-FGLearnSwift.debug.xcconfig"; path = "Target Support Files/Pods-FGLearnSwift/Pods-FGLearnSwift.debug.xcconfig"; sourceTree = "<group>"; };
		B2D0E4F42D08B258256E4713 /* Pods-FGLearnSwiftTests.debug.xcconfig */ = {isa = PBXFileReference; includeInIndex = 1; lastKnownFileType = text.xcconfig; name = "Pods-FGLearnSwiftTests.debug.xcconfig"; path = "Target Support Files/Pods-FGLearnSwiftTests/Pods-FGLearnSwiftTests.debug.xcconfig"; sourceTree = "<group>"; };
		C377A27F551D83065BC15B06 /* Pods_FGLearnSwift.framework */ = {isa = PBXFileReference; explicitFileType = wrapper.framework; includeInIndex = 0; path = Pods_FGLearnSwift.framework; sourceTree = BUILT_PRODUCTS_DIR; };
		C7CEA9CCC543213BA763E85E /* Pods_FGLearnSwift_FGLearnSwiftUITests.framework */ = {isa = PBXFileReference; explicitFileType = wrapper.framework; includeInIndex = 0; path = Pods_FGLearnSwift_FGLearnSwiftUITests.framework; sourceTree = BUILT_PRODUCTS_DIR; };
/* End PBXFileReference section */

/* Begin PBXFrameworksBuildPhase section */
		A34FB3BC250F0C2800F7A637 /* Frameworks */ = {
			isa = PBXFrameworksBuildPhase;
			buildActionMask = 2147483647;
			files = (
				007DD9004E714C87FDFBA8BB /* Pods_FGLearnSwift.framework in Frameworks */,
			);
			runOnlyForDeploymentPostprocessing = 0;
		};
/* End PBXFrameworksBuildPhase section */

/* Begin PBXGroup section */
		4C84A4C87FE97479397DFFF7 /* Frameworks */ = {
			isa = PBXGroup;
			children = (
				C377A27F551D83065BC15B06 /* Pods_FGLearnSwift.framework */,
				C7CEA9CCC543213BA763E85E /* Pods_FGLearnSwift_FGLearnSwiftUITests.framework */,
				4111EE22356C60B9E55E7763 /* Pods_FGLearnSwiftTests.framework */,
			);
			name = Frameworks;
			sourceTree = "<group>";
		};
		A3406E0F25133D6000671AA3 /* Tools */ = {
			isa = PBXGroup;
			children = (
			);
			path = Tools;
			sourceTree = "<group>";
		};
		A3406E1025133D6000671AA3 /* View */ = {
			isa = PBXGroup;
			children = (
				A3406E7525136AB800671AA3 /* Cell */,
			);
			path = View;
			sourceTree = "<group>";
		};
		A3406E1125133D6A00671AA3 /* Other */ = {
			isa = PBXGroup;
			children = (
				A34FB3C2250F0C2800F7A637 /* AppDelegate.swift */,
				A34FB3C4250F0C2800F7A637 /* SceneDelegate.swift */,
				A34FB3C8250F0C2800F7A637 /* Main.storyboard */,
				A34FB3CB250F0C2A00F7A637 /* Assets.xcassets */,
				A34FB3CD250F0C2A00F7A637 /* LaunchScreen.storyboard */,
				A34FB3D0250F0C2A00F7A637 /* Info.plist */,
			);
			path = Other;
			sourceTree = "<group>";
		};
		A3406E1225133D7300671AA3 /* Model */ = {
			isa = PBXGroup;
			children = (
			);
			path = Model;
			sourceTree = "<group>";
		};
		A3406E1325133D8600671AA3 /* Controller */ = {
			isa = PBXGroup;
			children = (
				A3406E6A25135C4D00671AA3 /* Search */,
				A3406E6925135C3B00671AA3 /* My */,
				A3406E6825135C3400671AA3 /* News */,
				A3406E6725135C2D00671AA3 /* Star */,
				A3406E6625135C1F00671AA3 /* Hot */,
			);
			path = Controller;
			sourceTree = "<group>";
		};
		A3406E1525133D9B00671AA3 /* libs */ = {
			isa = PBXGroup;
			children = (
			);
			path = libs;
			sourceTree = "<group>";
		};
		A3406E5725134A4100671AA3 /* Base */ = {
			isa = PBXGroup;
			children = (
				A3406E5A25134A9600671AA3 /* FGNavViewController.swift */,
				A3406E6225135A8200671AA3 /* FGBaseViewController.swift */,
				A3406E6425135B7D00671AA3 /* FGTabbarViewController.swift */,
			);
			path = Base;
			sourceTree = "<group>";
		};
		A3406E5F25134D9400671AA3 /* Extension */ = {
			isa = PBXGroup;
			children = (
				A3406E6025134E6800671AA3 /* UIColor+.swift */,
			);
			path = Extension;
			sourceTree = "<group>";
		};
		A3406E6625135C1F00671AA3 /* Hot */ = {
			isa = PBXGroup;
			children = (
				A3406E7325135CD600671AA3 /* FGHotViewController.swift */,
			);
			path = Hot;
			sourceTree = "<group>";
		};
		A3406E6725135C2D00671AA3 /* Star */ = {
			isa = PBXGroup;
			children = (
				A3406E7125135CCE00671AA3 /* FGStarViewController.swift */,
			);
			path = Star;
			sourceTree = "<group>";
		};
		A3406E6825135C3400671AA3 /* News */ = {
			isa = PBXGroup;
			children = (
				A3406E6F25135CC300671AA3 /* FGNewsViewController.swift */,
			);
			path = News;
			sourceTree = "<group>";
		};
		A3406E6925135C3B00671AA3 /* My */ = {
			isa = PBXGroup;
			children = (
				A3406E6D25135CBB00671AA3 /* FGMyViewController.swift */,
			);
			path = My;
			sourceTree = "<group>";
		};
		A3406E6A25135C4D00671AA3 /* Search */ = {
			isa = PBXGroup;
			children = (
				A3406E6B25135CAD00671AA3 /* FGSearchViewController.swift */,
			);
			path = Search;
			sourceTree = "<group>";
		};
		A3406E7525136AB800671AA3 /* Cell */ = {
			isa = PBXGroup;
			children = (
				A3406E7625136B1000671AA3 /* FGRepositoryCell.swift */,
				A3406E7725136B1000671AA3 /* FGRepositoryCell.xib */,
			);
			path = Cell;
			sourceTree = "<group>";
		};
		A34FB3B6250F0C2800F7A637 = {
			isa = PBXGroup;
			children = (
				A34FB3C1250F0C2800F7A637 /* FGLearnSwift */,
				A34FB3C0250F0C2800F7A637 /* Products */,
				DFE8859664AB0AD05FD5F68F /* Pods */,
				4C84A4C87FE97479397DFFF7 /* Frameworks */,
			);
			sourceTree = "<group>";
		};
		A34FB3C0250F0C2800F7A637 /* Products */ = {
			isa = PBXGroup;
			children = (
				A34FB3BF250F0C2800F7A637 /* FGLearnSwift.app */,
			);
			name = Products;
			sourceTree = "<group>";
		};
		A34FB3C1250F0C2800F7A637 /* FGLearnSwift */ = {
			isa = PBXGroup;
			children = (
				A3406E5725134A4100671AA3 /* Base */,
				A3406E1025133D6000671AA3 /* View */,
				A3406E1325133D8600671AA3 /* Controller */,
				A3406E1225133D7300671AA3 /* Model */,
				A3406E1125133D6A00671AA3 /* Other */,
				A3406E0F25133D6000671AA3 /* Tools */,
				A3406E1525133D9B00671AA3 /* libs */,
				A3406E5F25134D9400671AA3 /* Extension */,
			);
			path = FGLearnSwift;
			sourceTree = "<group>";
		};
		DFE8859664AB0AD05FD5F68F /* Pods */ = {
			isa = PBXGroup;
			children = (
				B026B1169B261935077081E1 /* Pods-FGLearnSwift.debug.xcconfig */,
				28911C31AA27F40F6A057C4E /* Pods-FGLearnSwift.release.xcconfig */,
				7968C50081F9B85F4CAD7790 /* Pods-FGLearnSwift-FGLearnSwiftUITests.debug.xcconfig */,
				6E1597F0A3AFED9F67BE6C8A /* Pods-FGLearnSwift-FGLearnSwiftUITests.release.xcconfig */,
				B2D0E4F42D08B258256E4713 /* Pods-FGLearnSwiftTests.debug.xcconfig */,
				094C92993E55B5490A20F90E /* Pods-FGLearnSwiftTests.release.xcconfig */,
			);
			path = Pods;
			sourceTree = "<group>";
		};
/* End PBXGroup section */

/* Begin PBXNativeTarget section */
		A34FB3BE250F0C2800F7A637 /* FGLearnSwift */ = {
			isa = PBXNativeTarget;
			buildConfigurationList = A34FB3E9250F0C2B00F7A637 /* Build configuration list for PBXNativeTarget "FGLearnSwift" */;
			buildPhases = (
				E047D6A501EB6B1BC0591A15 /* [CP] Check Pods Manifest.lock */,
				A34FB3BB250F0C2800F7A637 /* Sources */,
				A34FB3BC250F0C2800F7A637 /* Frameworks */,
				A34FB3BD250F0C2800F7A637 /* Resources */,
				08F795B770164C565F84A386 /* [CP] Embed Pods Frameworks */,
			);
			buildRules = (
			);
			dependencies = (
			);
			name = FGLearnSwift;
			productName = FGLearnSwift;
			productReference = A34FB3BF250F0C2800F7A637 /* FGLearnSwift.app */;
			productType = "com.apple.product-type.application";
		};
/* End PBXNativeTarget section */

/* Begin PBXProject section */
		A34FB3B7250F0C2800F7A637 /* Project object */ = {
			isa = PBXProject;
			attributes = {
				LastSwiftUpdateCheck = 1160;
				LastUpgradeCheck = 1160;
				ORGANIZATIONNAME = "洪海睿";
				TargetAttributes = {
					A34FB3BE250F0C2800F7A637 = {
						CreatedOnToolsVersion = 11.6;
					};
				};
			};
			buildConfigurationList = A34FB3BA250F0C2800F7A637 /* Build configuration list for PBXProject "FGLearnSwift" */;
			compatibilityVersion = "Xcode 9.3";
			developmentRegion = en;
			hasScannedForEncodings = 0;
			knownRegions = (
				en,
				Base,
			);
			mainGroup = A34FB3B6250F0C2800F7A637;
			productRefGroup = A34FB3C0250F0C2800F7A637 /* Products */;
			projectDirPath = "";
			projectRoot = "";
			targets = (
				A34FB3BE250F0C2800F7A637 /* FGLearnSwift */,
			);
		};
/* End PBXProject section */

/* Begin PBXResourcesBuildPhase section */
		A34FB3BD250F0C2800F7A637 /* Resources */ = {
			isa = PBXResourcesBuildPhase;
			buildActionMask = 2147483647;
			files = (
				A34FB3CF250F0C2A00F7A637 /* LaunchScreen.storyboard in Resources */,
				A34FB3CC250F0C2A00F7A637 /* Assets.xcassets in Resources */,
				A3406E7925136B1000671AA3 /* FGRepositoryCell.xib in Resources */,
				A34FB3CA250F0C2800F7A637 /* Main.storyboard in Resources */,
			);
			runOnlyForDeploymentPostprocessing = 0;
		};
/* End PBXResourcesBuildPhase section */

/* Begin PBXShellScriptBuildPhase section */
		08F795B770164C565F84A386 /* [CP] Embed Pods Frameworks */ = {
			isa = PBXShellScriptBuildPhase;
			buildActionMask = 2147483647;
			files = (
			);
			inputFileListPaths = (
				"${PODS_ROOT}/Target Support Files/Pods-FGLearnSwift/Pods-FGLearnSwift-frameworks-${CONFIGURATION}-input-files.xcfilelist",
			);
			name = "[CP] Embed Pods Frameworks";
			outputFileListPaths = (
				"${PODS_ROOT}/Target Support Files/Pods-FGLearnSwift/Pods-FGLearnSwift-frameworks-${CONFIGURATION}-output-files.xcfilelist",
			);
			runOnlyForDeploymentPostprocessing = 0;
			shellPath = /bin/sh;
			shellScript = "\"${PODS_ROOT}/Target Support Files/Pods-FGLearnSwift/Pods-FGLearnSwift-frameworks.sh\"\n";
			showEnvVarsInLog = 0;
		};
		E047D6A501EB6B1BC0591A15 /* [CP] Check Pods Manifest.lock */ = {
			isa = PBXShellScriptBuildPhase;
			buildActionMask = 2147483647;
			files = (
			);
			inputFileListPaths = (
			);
			inputPaths = (
				"${PODS_PODFILE_DIR_PATH}/Podfile.lock",
				"${PODS_ROOT}/Manifest.lock",
			);
			name = "[CP] Check Pods Manifest.lock";
			outputFileListPaths = (
			);
			outputPaths = (
				"$(DERIVED_FILE_DIR)/Pods-FGLearnSwift-checkManifestLockResult.txt",
			);
			runOnlyForDeploymentPostprocessing = 0;
			shellPath = /bin/sh;
			shellScript = "diff \"${PODS_PODFILE_DIR_PATH}/Podfile.lock\" \"${PODS_ROOT}/Manifest.lock\" > /dev/null\nif [ $? != 0 ] ; then\n    # print error to STDERR\n    echo \"error: The sandbox is not in sync with the Podfile.lock. Run 'pod install' or update your CocoaPods installation.\" >&2\n    exit 1\nfi\n# This output is used by Xcode 'outputs' to avoid re-running this script phase.\necho \"SUCCESS\" > \"${SCRIPT_OUTPUT_FILE_0}\"\n";
			showEnvVarsInLog = 0;
		};
/* End PBXShellScriptBuildPhase section */

/* Begin PBXSourcesBuildPhase section */
		A34FB3BB250F0C2800F7A637 /* Sources */ = {
			isa = PBXSourcesBuildPhase;
			buildActionMask = 2147483647;
			files = (
				A3406E6125134E6800671AA3 /* UIColor+.swift in Sources */,
				A3406E6525135B7D00671AA3 /* FGTabbarViewController.swift in Sources */,
				A3406E6C25135CAD00671AA3 /* FGSearchViewController.swift in Sources */,
				A3406E7225135CCE00671AA3 /* FGStarViewController.swift in Sources */,
				A3406E7425135CD600671AA3 /* FGHotViewController.swift in Sources */,
				A34FB3C3250F0C2800F7A637 /* AppDelegate.swift in Sources */,
				A3406E7825136B1000671AA3 /* FGRepositoryCell.swift in Sources */,
				A3406E6325135A8200671AA3 /* FGBaseViewController.swift in Sources */,
				A3406E6E25135CBB00671AA3 /* FGMyViewController.swift in Sources */,
				A3406E7025135CC300671AA3 /* FGNewsViewController.swift in Sources */,
				A3406E5B25134A9600671AA3 /* FGNavViewController.swift in Sources */,
				A34FB3C5250F0C2800F7A637 /* SceneDelegate.swift in Sources */,
			);
			runOnlyForDeploymentPostprocessing = 0;
		};
/* End PBXSourcesBuildPhase section */

/* Begin PBXVariantGroup section */
		A34FB3C8250F0C2800F7A637 /* Main.storyboard */ = {
			isa = PBXVariantGroup;
			children = (
				A34FB3C9250F0C2800F7A637 /* Base */,
			);
			name = Main.storyboard;
			sourceTree = "<group>";
		};
		A34FB3CD250F0C2A00F7A637 /* LaunchScreen.storyboard */ = {
			isa = PBXVariantGroup;
			children = (
				A34FB3CE250F0C2A00F7A637 /* Base */,
			);
			name = LaunchScreen.storyboard;
			sourceTree = "<group>";
		};
/* End PBXVariantGroup section */

/* Begin XCBuildConfiguration section */
		A34FB3E7250F0C2B00F7A637 /* Debug */ = {
			isa = XCBuildConfiguration;
			buildSettings = {
				ALWAYS_SEARCH_USER_PATHS = NO;
				CLANG_ANALYZER_NONNULL = YES;
				CLANG_ANALYZER_NUMBER_OBJECT_CONVERSION = YES_AGGRESSIVE;
				CLANG_CXX_LANGUAGE_STANDARD = "gnu++14";
				CLANG_CXX_LIBRARY = "libc++";
				CLANG_ENABLE_MODULES = YES;
				CLANG_ENABLE_OBJC_ARC = YES;
				CLANG_ENABLE_OBJC_WEAK = YES;
				CLANG_WARN_BLOCK_CAPTURE_AUTORELEASING = YES;
				CLANG_WARN_BOOL_CONVERSION = YES;
				CLANG_WARN_COMMA = YES;
				CLANG_WARN_CONSTANT_CONVERSION = YES;
				CLANG_WARN_DEPRECATED_OBJC_IMPLEMENTATIONS = YES;
				CLANG_WARN_DIRECT_OBJC_ISA_USAGE = YES_ERROR;
				CLANG_WARN_DOCUMENTATION_COMMENTS = YES;
				CLANG_WARN_EMPTY_BODY = YES;
				CLANG_WARN_ENUM_CONVERSION = YES;
				CLANG_WARN_INFINITE_RECURSION = YES;
				CLANG_WARN_INT_CONVERSION = YES;
				CLANG_WARN_NON_LITERAL_NULL_CONVERSION = YES;
				CLANG_WARN_OBJC_IMPLICIT_RETAIN_SELF = YES;
				CLANG_WARN_OBJC_LITERAL_CONVERSION = YES;
				CLANG_WARN_OBJC_ROOT_CLASS = YES_ERROR;
				CLANG_WARN_RANGE_LOOP_ANALYSIS = YES;
				CLANG_WARN_STRICT_PROTOTYPES = YES;
				CLANG_WARN_SUSPICIOUS_MOVE = YES;
				CLANG_WARN_UNGUARDED_AVAILABILITY = YES_AGGRESSIVE;
				CLANG_WARN_UNREACHABLE_CODE = YES;
				CLANG_WARN__DUPLICATE_METHOD_MATCH = YES;
				COPY_PHASE_STRIP = NO;
				DEBUG_INFORMATION_FORMAT = dwarf;
				ENABLE_STRICT_OBJC_MSGSEND = YES;
				ENABLE_TESTABILITY = YES;
				GCC_C_LANGUAGE_STANDARD = gnu11;
				GCC_DYNAMIC_NO_PIC = NO;
				GCC_NO_COMMON_BLOCKS = YES;
				GCC_OPTIMIZATION_LEVEL = 0;
				GCC_PREPROCESSOR_DEFINITIONS = (
					"DEBUG=1",
					"$(inherited)",
				);
				GCC_WARN_64_TO_32_BIT_CONVERSION = YES;
				GCC_WARN_ABOUT_RETURN_TYPE = YES_ERROR;
				GCC_WARN_UNDECLARED_SELECTOR = YES;
				GCC_WARN_UNINITIALIZED_AUTOS = YES_AGGRESSIVE;
				GCC_WARN_UNUSED_FUNCTION = YES;
				GCC_WARN_UNUSED_VARIABLE = YES;
				IPHONEOS_DEPLOYMENT_TARGET = 13.6;
				MTL_ENABLE_DEBUG_INFO = INCLUDE_SOURCE;
				MTL_FAST_MATH = YES;
				ONLY_ACTIVE_ARCH = YES;
				SDKROOT = iphoneos;
				SWIFT_ACTIVE_COMPILATION_CONDITIONS = DEBUG;
				SWIFT_OPTIMIZATION_LEVEL = "-Onone";
			};
			name = Debug;
		};
		A34FB3E8250F0C2B00F7A637 /* Release */ = {
			isa = XCBuildConfiguration;
			buildSettings = {
				ALWAYS_SEARCH_USER_PATHS = NO;
				CLANG_ANALYZER_NONNULL = YES;
				CLANG_ANALYZER_NUMBER_OBJECT_CONVERSION = YES_AGGRESSIVE;
				CLANG_CXX_LANGUAGE_STANDARD = "gnu++14";
				CLANG_CXX_LIBRARY = "libc++";
				CLANG_ENABLE_MODULES = YES;
				CLANG_ENABLE_OBJC_ARC = YES;
				CLANG_ENABLE_OBJC_WEAK = YES;
				CLANG_WARN_BLOCK_CAPTURE_AUTORELEASING = YES;
				CLANG_WARN_BOOL_CONVERSION = YES;
				CLANG_WARN_COMMA = YES;
				CLANG_WARN_CONSTANT_CONVERSION = YES;
				CLANG_WARN_DEPRECATED_OBJC_IMPLEMENTATIONS = YES;
				CLANG_WARN_DIRECT_OBJC_ISA_USAGE = YES_ERROR;
				CLANG_WARN_DOCUMENTATION_COMMENTS = YES;
				CLANG_WARN_EMPTY_BODY = YES;
				CLANG_WARN_ENUM_CONVERSION = YES;
				CLANG_WARN_INFINITE_RECURSION = YES;
				CLANG_WARN_INT_CONVERSION = YES;
				CLANG_WARN_NON_LITERAL_NULL_CONVERSION = YES;
				CLANG_WARN_OBJC_IMPLICIT_RETAIN_SELF = YES;
				CLANG_WARN_OBJC_LITERAL_CONVERSION = YES;
				CLANG_WARN_OBJC_ROOT_CLASS = YES_ERROR;
				CLANG_WARN_RANGE_LOOP_ANALYSIS = YES;
				CLANG_WARN_STRICT_PROTOTYPES = YES;
				CLANG_WARN_SUSPICIOUS_MOVE = YES;
				CLANG_WARN_UNGUARDED_AVAILABILITY = YES_AGGRESSIVE;
				CLANG_WARN_UNREACHABLE_CODE = YES;
				CLANG_WARN__DUPLICATE_METHOD_MATCH = YES;
				COPY_PHASE_STRIP = NO;
				DEBUG_INFORMATION_FORMAT = "dwarf-with-dsym";
				ENABLE_NS_ASSERTIONS = NO;
				ENABLE_STRICT_OBJC_MSGSEND = YES;
				GCC_C_LANGUAGE_STANDARD = gnu11;
				GCC_NO_COMMON_BLOCKS = YES;
				GCC_WARN_64_TO_32_BIT_CONVERSION = YES;
				GCC_WARN_ABOUT_RETURN_TYPE = YES_ERROR;
				GCC_WARN_UNDECLARED_SELECTOR = YES;
				GCC_WARN_UNINITIALIZED_AUTOS = YES_AGGRESSIVE;
				GCC_WARN_UNUSED_FUNCTION = YES;
				GCC_WARN_UNUSED_VARIABLE = YES;
				IPHONEOS_DEPLOYMENT_TARGET = 13.6;
				MTL_ENABLE_DEBUG_INFO = NO;
				MTL_FAST_MATH = YES;
				SDKROOT = iphoneos;
				SWIFT_COMPILATION_MODE = wholemodule;
				SWIFT_OPTIMIZATION_LEVEL = "-O";
				VALIDATE_PRODUCT = YES;
			};
			name = Release;
		};
		A34FB3EA250F0C2B00F7A637 /* Debug */ = {
			isa = XCBuildConfiguration;
			baseConfigurationReference = B026B1169B261935077081E1 /* Pods-FGLearnSwift.debug.xcconfig */;
			buildSettings = {
				ALWAYS_EMBED_SWIFT_STANDARD_LIBRARIES = "$(EMBEDDED_CONTENT_CONTAINS_SWIFT)";
				ASSETCATALOG_COMPILER_APPICON_NAME = AppIcon;
				CODE_SIGN_STYLE = Automatic;
				DEVELOPMENT_TEAM = 86DYW7MYE9;
				INFOPLIST_FILE = FGLearnSwift/Other/Info.plist;
				LD_RUNPATH_SEARCH_PATHS = (
					"$(inherited)",
					"@executable_path/Frameworks",
				);
				PRODUCT_BUNDLE_IDENTIFIER = com.dagen.juweike;
				PRODUCT_NAME = "$(TARGET_NAME)";
				SWIFT_VERSION = 5.0;
				TARGETED_DEVICE_FAMILY = "1,2";
			};
			name = Debug;
		};
		A34FB3EB250F0C2B00F7A637 /* Release */ = {
			isa = XCBuildConfiguration;
			baseConfigurationReference = 28911C31AA27F40F6A057C4E /* Pods-FGLearnSwift.release.xcconfig */;
			buildSettings = {
				ALWAYS_EMBED_SWIFT_STANDARD_LIBRARIES = "$(EMBEDDED_CONTENT_CONTAINS_SWIFT)";
				ASSETCATALOG_COMPILER_APPICON_NAME = AppIcon;
				CODE_SIGN_STYLE = Automatic;
				DEVELOPMENT_TEAM = 86DYW7MYE9;
				INFOPLIST_FILE = FGLearnSwift/Other/Info.plist;
				LD_RUNPATH_SEARCH_PATHS = (
					"$(inherited)",
					"@executable_path/Frameworks",
				);
				PRODUCT_BUNDLE_IDENTIFIER = com.dagen.juweike;
				PRODUCT_NAME = "$(TARGET_NAME)";
				SWIFT_VERSION = 5.0;
				TARGETED_DEVICE_FAMILY = "1,2";
			};
			name = Release;
		};
/* End XCBuildConfiguration section */

/* Begin XCConfigurationList section */
		A34FB3BA250F0C2800F7A637 /* Build configuration list for PBXProject "FGLearnSwift" */ = {
			isa = XCConfigurationList;
			buildConfigurations = (
				A34FB3E7250F0C2B00F7A637 /* Debug */,
				A34FB3E8250F0C2B00F7A637 /* Release */,
			);
			defaultConfigurationIsVisible = 0;
			defaultConfigurationName = Release;
		};
		A34FB3E9250F0C2B00F7A637 /* Build configuration list for PBXNativeTarget "FGLearnSwift" */ = {
			isa = XCConfigurationList;
			buildConfigurations = (
				A34FB3EA250F0C2B00F7A637 /* Debug */,
				A34FB3EB250F0C2B00F7A637 /* Release */,
			);
			defaultConfigurationIsVisible = 0;
			defaultConfigurationName = Release;
		};
/* End XCConfigurationList section */
	};
	rootObject = A34FB3B7250F0C2800F7A637 /* Project object */;
}
